
Microsoft Visual Studio Solution File, Format Version 12.00
# Visual Studio Version 17
VisualStudioVersion = 17.3.32929.385
MinimumVisualStudioVersion = 10.0.40219.1
Project("{FAE04EC0-301F-11D3-BF4B-00C04F79EFBC}") = "TabbedApp.Android", "TabbedApp\TabbedApp.Android\TabbedApp.Android.csproj", "{EB7D6CDE-D93D-4DD1-93A0-2DC8B7D30A07}"
EndProject
Project("{FAE04EC0-301F-11D3-BF4B-00C04F79EFBC}") = "TabbedApp.iOS", "TabbedApp\TabbedApp.iOS\TabbedApp.iOS.csproj", "{C02A26E1-EB4E-4BCC-8009-ACFDE1BF6362}"
EndProject
Project("{FAE04EC0-301F-11D3-BF4B-00C04F79EFBC}") = "TabbedApp", "TabbedApp\TabbedApp\TabbedApp.csproj", "{5D1E54E4-C987-425C-AC99-399F788743A8}"
EndProject
Global
	GlobalSection(SolutionConfigurationPlatforms) = preSolution
		Debug|Any CPU = Debug|Any CPU
		Debug|iPhone = Debug|iPhone
		Debug|iPhoneSimulator = Debug|iPhoneSimulator
		Release|Any CPU = Release|Any CPU
		Release|iPhone = Release|iPhone
		Release|iPhoneSimulator = Release|iPhoneSimulator
	EndGlobalSection
	GlobalSection(ProjectConfigurationPlatforms) = postSolution
		{EB7D6CDE-D93D-4DD1-93A0-2DC8B7D30A07}.Debug|Any CPU.ActiveCfg = Debug|Any CPU
		{EB7D6CDE-D93D-4DD1-93A0-2DC8B7D30A07}.Debug|Any CPU.Build.0 = Debug|Any CPU
		{EB7D6CDE-D93D-4DD1-93A0-2DC8B7D30A07}.Debug|Any CPU.Deploy.0 = Debug|Any CPU
		{EB7D6CDE-D93D-4DD1-93A0-2DC8B7D30A07}.Debug|iPhone.ActiveCfg = Debug|Any CPU
		{EB7D6CDE-D93D-4DD1-93A0-2DC8B7D30A07}.Debug|iPhone.Build.0 = Debug|Any CPU
		{EB7D6CDE-D93D-4DD1-93A0-2DC8B7D30A07}.Debug|iPhone.Deploy.0 = Debug|Any CPU
		{EB7D6CDE-D93D-4DD1-93A0-2DC8B7D30A07}.Debug|iPhoneSimulator.ActiveCfg = Debug|Any CPU
		{EB7D6CDE-D93D-4DD1-93A0-2DC8B7D30A07}.Debug|iPhoneSimulator.Build.0 = Debug|Any CPU
		{EB7D6CDE-D93D-4DD1-93A0-2DC8B7D30A07}.Debug|iPhoneSimulator.Deploy.0 = Debug|Any CPU
		{EB7D6CDE-D93D-4DD1-93A0-2DC8B7D30A07}.Release|Any CPU.ActiveCfg = Release|Any CPU
		{EB7D6CDE-D93D-4DD1-93A0-2DC8B7D30A07}.Release|Any CPU.Build.0 = Release|Any CPU
		{EB7D6CDE-D93D-4DD1-93A0-2DC8B7D30A07}.Release|Any CPU.Deploy.0 = Release|Any CPU
		{EB7D6CDE-D93D-4DD1-93A0-2DC8B7D30A07}.Release|iPhone.ActiveCfg = Release|Any CPU
		{EB7D6CDE-D93D-4DD1-93A0-2DC8B7D30A07}.Release|iPhone.Build.0 = Release|Any CPU
		{EB7D6CDE-D93D-4DD1-93A0-2DC8B7D30A07}.Release|iPhone.Deploy.0 = Release|Any CPU
		{EB7D6CDE-D93D-4DD1-93A0-2DC8B7D30A07}.Release|iPhoneSimulator.ActiveCfg = Release|Any CPU
		{EB7D6CDE-D93D-4DD1-93A0-2DC8B7D30A07}.Release|iPhoneSimulator.Build.0 = Release|Any CPU
		{EB7D6CDE-D93D-4DD1-93A0-2DC8B7D30A07}.Release|iPhoneSimulator.Deploy.0 = Release|Any CPU
		{C02A26E1-EB4E-4BCC-8009-ACFDE1BF6362}.Debug|Any CPU.ActiveCfg = Debug|iPhone
		{C02A26E1-EB4E-4BCC-8009-ACFDE1BF6362}.Debug|Any CPU.Build.0 = Debug|iPhone
		{C02A26E1-EB4E-4BCC-8009-ACFDE1BF6362}.Debug|Any CPU.Deploy.0 = Debug|iPhone
		{C02A26E1-EB4E-4BCC-8009-ACFDE1BF6362}.Debug|iPhone.ActiveCfg = Debug|iPhone
		{C02A26E1-EB4E-4BCC-8009-ACFDE1BF6362}.Debug|iPhone.Build.0 = Debug|iPhone
		{C02A26E1-EB4E-4BCC-8009-ACFDE1BF6362}.Debug|iPhone.Deploy.0 = Debug|iPhone
		{C02A26E1-EB4E-4BCC-8009-ACFDE1BF6362}.Debug|iPhoneSimulator.ActiveCfg = Debug|iPhoneSimulator
		{C02A26E1-EB4E-4BCC-8009-ACFDE1BF6362}.Debug|iPhoneSimulator.Build.0 = Debug|iPhoneSimulator
		{C02A26E1-EB4E-4BCC-8009-ACFDE1BF6362}.Debug|iPhoneSimulator.Deploy.0 = Debug|iPhoneSimulator
		{C02A26E1-EB4E-4BCC-8009-ACFDE1BF6362}.Release|Any CPU.ActiveCfg = Release|iPhoneSimulator
		{C02A26E1-EB4E-4BCC-8009-ACFDE1BF6362}.Release|Any CPU.Build.0 = Release|iPhoneSimulator
		{C02A26E1-EB4E-4BCC-8009-ACFDE1BF6362}.Release|Any CPU.Deploy.0 = Release|iPhoneSimulator
		{C02A26E1-EB4E-4BCC-8009-ACFDE1BF6362}.Release|iPhone.ActiveCfg = Release|iPhone
		{C02A26E1-EB4E-4BCC-8009-ACFDE1BF6362}.Release|iPhone.Build.0 = Release|iPhone
		{C02A26E1-EB4E-4BCC-8009-ACFDE1BF6362}.Release|iPhone.Deploy.0 = Release|iPhone
		{C02A26E1-EB4E-4BCC-8009-ACFDE1BF6362}.Release|iPhoneSimulator.ActiveCfg = Release|iPhoneSimulator
		{C02A26E1-EB4E-4BCC-8009-ACFDE1BF6362}.Release|iPhoneSimulator.Build.0 = Release|iPhoneSimulator
		{C02A26E1-EB4E-4BCC-8009-ACFDE1BF6362}.Release|iPhoneSimulator.Deploy.0 = Release|iPhoneSimulator
		{5D1E54E4-C987-425C-AC99-399F788743A8}.Debug|Any CPU.ActiveCfg = Debug|Any CPU
		{5D1E54E4-C987-425C-AC99-399F788743A8}.Debug|Any CPU.Build.0 = Debug|Any CPU
		{5D1E54E4-C987-425C-AC99-399F788743A8}.Debug|Any CPU.Deploy.0 = Debug|Any CPU
		{5D1E54E4-C987-425C-AC99-399F788743A8}.Debug|iPhone.ActiveCfg = Debug|Any CPU
		{5D1E54E4-C987-425C-AC99-399F788743A8}.Debug|iPhone.Build.0 = Debug|Any CPU
		{5D1E54E4-C987-425C-AC99-399F788743A8}.Debug|iPhone.Deploy.0 = Debug|Any CPU
		{5D1E54E4-C987-425C-AC99-399F788743A8}.Debug|iPhoneSimulator.ActiveCfg = Debug|Any CPU
		{5D1E54E4-C987-425C-AC99-399F788743A8}.Debug|iPhoneSimulator.Build.0 = Debug|Any CPU
		{5D1E54E4-C987-425C-AC99-399F788743A8}.Debug|iPhoneSimulator.Deploy.0 = Debug|Any CPU
		{5D1E54E4-C987-425C-AC99-399F788743A8}.Release|Any CPU.ActiveCfg = Release|Any CPU
		{5D1E54E4-C987-425C-AC99-399F788743A8}.Release|Any CPU.Build.0 = Release|Any CPU
		{5D1E54E4-C987-425C-AC99-399F788743A8}.Release|Any CPU.Deploy.0 = Release|Any CPU
		{5D1E54E4-C987-425C-AC99-399F788743A8}.Release|iPhone.ActiveCfg = Release|Any CPU
		{5D1E54E4-C987-425C-AC99-399F788743A8}.Release|iPhone.Build.0 = Release|Any CPU
		{5D1E54E4-C987-425C-AC99-399F788743A8}.Release|iPhone.Deploy.0 = Release|Any CPU
		{5D1E54E4-C987-425C-AC99-399F788743A8}.Release|iPhoneSimulator.ActiveCfg = Release|Any CPU
		{5D1E54E4-C987-425C-AC99-399F788743A8}.Release|iPhoneSimulator.Build.0 = Release|Any CPU
		{5D1E54E4-C987-425C-AC99-399F788743A8}.Release|iPhoneSimulator.Deploy.0 = Release|Any CPU
	EndGlobalSection
	GlobalSection(SolutionProperties) = preSolution
		HideSolutionNode = FALSE
	EndGlobalSection
	GlobalSection(ExtensibilityGlobals) = postSolution
		SolutionGuid = {AC819558-F1EF-4EA7-AA70-A4A43B04137E}
	EndGlobalSection
EndGlobal
